github.com/ericfialkowski/goterm v1.0.5 h1:Z7DnQ0+obZ6XimaxhTDPnrfj1rzPuil0sbzxROH8W4A=
github.com/ericfialkowski/goterm v1.0.5/go.mod h1:pJqcGqxdngKsaIK/pTA46ShAzJeT3AJpexjXNFEgQzo=
github.com/tevino/abool v0.0.0-20170917061928-9b9efcf221b5 h1:hNna6Fi0eP1f2sMBe/rJicDmaHmoXGe1Ta84FPYHLuE=
github.com/tevino/abool v0.0.0-20170917061928-9b9efcf221b5/go.mod h1:f1SCnEOt6sc3fOJfPQDRDzHOtSXuTtnz0ImG9kPRDV0=
golang.org/x/sys v0.0.0-20210331175145-43e1dd70ce54 h1:rF3Ohx8DRyl8h2zw9qojyLHLhrJpEMgyPOImREEryf0=
golang.org/x/sys v0.0.0-20210331175145-43e1dd70ce54/go.mod h1:h1NjWce9XRLGQEsW7wpKNCjG9DtNlClVuFLEZdDNbEs=
